// !$*UTF8*$!
{
	archiveVersion = 1;
	classes = {
	};
	objectVersion = 46;
	objects = {

/* Begin PBXBuildFile section */
		7CCAC5AD1E79421F0078A3EC /* main.m in Sources */ = {isa = PBXBuildFile; fileRef = 7CCAC5AC1E79421F0078A3EC /* main.m */; };
		7CCAC5B91E7942B90078A3EC /* NXpen.m in Sources */ = {isa = PBXBuildFile; fileRef = 7CCAC5B81E7942B90078A3EC /* NXpen.m */; };
		7CCAC5BB1E794B880078A3EC /* PenHolder.m in Sources */ = {isa = PBXBuildFile; fileRef = 7CCAC5BA1E794B880078A3EC /* PenHolder.m */; };
		7CCAC5C21E7952C10078A3EC /* NXFileMatcher.m in Sources */ = {isa = PBXBuildFile; fileRef = 7CCAC5C11E7952C10078A3EC /* NXFileMatcher.m */; };
/* End PBXBuildFile section */

/* Begin PBXCopyFilesBuildPhase section */
		7CCAC5A71E79421F0078A3EC /* CopyFiles */ = {
			isa = PBXCopyFilesBuildPhase;
			buildActionMask = 2147483647;
			dstPath = /usr/share/man/man1/;
			dstSubfolderSpec = 0;
			files = (
			);
			runOnlyForDeploymentPostprocessing = 1;
		};
/* End PBXCopyFilesBuildPhase section */

/* Begin PBXFileReference section */
		7CCAC5A91E79421F0078A3EC /* Week1 */ = {isa = PBXFileReference; explicitFileType = "compiled.mach-o.executable"; includeInIndex = 0; path = Week1; sourceTree = BUILT_PRODUCTS_DIR; };
		7CCAC5AC1E79421F0078A3EC /* main.m */ = {isa = PBXFileReference; lastKnownFileType = sourcecode.c.objc; path = main.m; sourceTree = "<group>"; };
		7CCAC5B31E7942390078A3EC /* NXpen.h */ = {isa = PBXFileReference; lastKnownFileType = sourcecode.c.h; path = NXpen.h; sourceTree = "<group>"; };
		7CCAC5B81E7942B90078A3EC /* NXpen.m */ = {isa = PBXFileReference; fileEncoding = 4; lastKnownFileType = sourcecode.c.objc; path = NXpen.m; sourceTree = "<group>"; };
		7CCAC5BA1E794B880078A3EC /* PenHolder.m */ = {isa = PBXFileReference; fileEncoding = 4; lastKnownFileType = sourcecode.c.objc; path = PenHolder.m; sourceTree = "<group>"; };
		7CCAC5BC1E794BA80078A3EC /* PenHolder.h */ = {isa = PBXFileReference; lastKnownFileType = sourcecode.c.h; path = PenHolder.h; sourceTree = "<group>"; };
		7CCAC5C11E7952C10078A3EC /* NXFileMatcher.m */ = {isa = PBXFileReference; fileEncoding = 4; lastKnownFileType = sourcecode.c.objc; name = NXFileMatcher.m; path = ../NXFileMatcher.m; sourceTree = "<group>"; };
		7CCAC5C31E7952D10078A3EC /* NXFileMatcher.h */ = {isa = PBXFileReference; lastKnownFileType = sourcecode.c.h; name = NXFileMatcher.h; path = ../NXFileMatcher.h; sourceTree = "<group>"; };
/* End PBXFileReference section */

/* Begin PBXFrameworksBuildPhase section */
		7CCAC5A61E79421F0078A3EC /* Frameworks */ = {
			isa = PBXFrameworksBuildPhase;
			buildActionMask = 2147483647;
			files = (
			);
			runOnlyForDeploymentPostprocessing = 0;
		};
/* End PBXFrameworksBuildPhase section */

/* Begin PBXGroup section */
		7CCAC5A01E79421F0078A3EC = {
			isa = PBXGroup;
			children = (
				7CCAC5AB1E79421F0078A3EC /* Week1 */,
				7CCAC5AA1E79421F0078A3EC /* Products */,
			);
			sourceTree = "<group>";
		};
		7CCAC5AA1E79421F0078A3EC /* Products */ = {
			isa = PBXGroup;
			children = (
				7CCAC5A91E79421F0078A3EC /* Week1 */,
			);
			name = Products;
			sourceTree = "<group>";
		};
		7CCAC5AB1E79421F0078A3EC /* Week1 */ = {
			isa = PBXGroup;
			children = (
				7CCAC5C31E7952D10078A3EC /* NXFileMatcher.h */,
				7CCAC5C11E7952C10078A3EC /* NXFileMatcher.m */,
				7CCAC5BC1E794BA80078A3EC /* PenHolder.h */,
				7CCAC5BA1E794B880078A3EC /* PenHolder.m */,
				7CCAC5AC1E79421F0078A3EC /* main.m */,
				7CCAC5B31E7942390078A3EC /* NXpen.h */,
				7CCAC5B81E7942B90078A3EC /* NXpen.m */,
			);
			path = Week1;
			sourceTree = "<group>";
		};
/* End PBXGroup section */

/* Begin PBXNativeTarget section */
		7CCAC5A81E79421F0078A3EC /* Week1 */ = {
			isa = PBXNativeTarget;
			buildConfigurationList = 7CCAC5B01E79421F0078A3EC /* Build configuration list for PBXNativeTarget "Week1" */;
			buildPhases = (
				7CCAC5A51E79421F0078A3EC /* Sources */,
				7CCAC5A61E79421F0078A3EC /* Frameworks */,
				7CCAC5A71E79421F0078A3EC /* CopyFiles */,
			);
			buildRules = (
			);
			dependencies = (
			);
			name = Week1;
			productName = Week1;
			productReference = 7CCAC5A91E79421F0078A3EC /* Week1 */;
			productType = "com.apple.product-type.tool";
		};
/* End PBXNativeTarget section */

/* Begin PBXProject section */
		7CCAC5A11E79421F0078A3EC /* Project object */ = {
			isa = PBXProject;
			attributes = {
				LastUpgradeCheck = 0820;
				ORGANIZATIONNAME = YongJai;
				TargetAttributes = {
					7CCAC5A81E79421F0078A3EC = {
						CreatedOnToolsVersion = 8.2.1;
						ProvisioningStyle = Automatic;
					};
				};
			};
			buildConfigurationList = 7CCAC5A41E79421F0078A3EC /* Build configuration list for PBXProject "Week1" */;
			compatibilityVersion = "Xcode 3.2";
			developmentRegion = English;
			hasScannedForEncodings = 0;
			knownRegions = (
				en,
			);
			mainGroup = 7CCAC5A01E79421F0078A3EC;
			productRefGroup = 7CCAC5AA1E79421F0078A3EC /* Products */;
			projectDirPath = "";
			projectRoot = "";
			targets = (
				7CCAC5A81E79421F0078A3EC /* Week1 */,
			);
		};
/* End PBXProject section */

/* Begin PBXSourcesBuildPhase section */
		7CCAC5A51E79421F0078A3EC /* Sources */ = {
			isa = PBXSourcesBuildPhase;
			buildActionMask = 2147483647;
			files = (
				7CCAC5C21E7952C10078A3EC /* NXFileMatcher.m in Sources */,
				7CCAC5AD1E79421F0078A3EC /* main.m in Sources */,
				7CCAC5BB1E794B880078A3EC /* PenHolder.m in Sources */,
				7CCAC5B91E7942B90078A3EC /* NXpen.m in Sources */,
			);
			runOnlyForDeploymentPostprocessing = 0;
		};
/* End PBXSourcesBuildPhase section */

/* Begin XCBuildConfiguration section */
		7CCAC5AE1E79421F0078A3EC /* Debug */ = {
			isa = XCBuildConfiguration;
			buildSettings = {
				ALWAYS_SEARCH_USER_PATHS = NO;
				CLANG_ANALYZER_NONNULL = YES;
				CLANG_CXX_LANGUAGE_STANDARD = "gnu++0x";
				CLANG_CXX_LIBRARY = "libc++";
				CLANG_ENABLE_MODULES = YES;
				CLANG_ENABLE_OBJC_ARC = YES;
				CLANG_WARN_BOOL_CONVERSION = YES;
				CLANG_WARN_CONSTANT_CONVERSION = YES;
				CLANG_WARN_DIRECT_OBJC_ISA_USAGE = YES_ERROR;
				CLANG_WARN_DOCUMENTATION_COMMENTS = YES;
				CLANG_WARN_EMPTY_BODY = YES;
				CLANG_WARN_ENUM_CONVERSION = YES;
				CLANG_WARN_INFINITE_RECURSION = YES;
				CLANG_WARN_INT_CONVERSION = YES;
				CLANG_WARN_OBJC_ROOT_CLASS = YES_ERROR;
				CLANG_WARN_SUSPICIOUS_MOVE = YES;
				CLANG_WARN_UNREACHABLE_CODE = YES;
				CLANG_WARN__DUPLICATE_METHOD_MATCH = YES;
				CODE_SIGN_IDENTITY = "-";
				COPY_PHASE_STRIP = NO;
				DEBUG_INFORMATION_FORMAT = dwarf;
				ENABLE_STRICT_OBJC_MSGSEND = YES;
				ENABLE_TESTABILITY = YES;
				GCC_C_LANGUAGE_STANDARD = gnu99;
				GCC_DYNAMIC_NO_PIC = NO;
				GCC_NO_COMMON_BLOCKS = YES;
				GCC_OPTIMIZATION_LEVEL = 0;
				GCC_PREPROCESSOR_DEFINITIONS = (
					"DEBUG=1",
					"$(inherited)",
				);
				GCC_WARN_64_TO_32_BIT_CONVERSION = YES;
				GCC_WARN_ABOUT_RETURN_TYPE = YES_ERROR;
				GCC_WARN_UNDECLARED_SELECTOR = YES;
				GCC_WARN_UNINITIALIZED_AUTOS = YES_AGGRESSIVE;
				GCC_WARN_UNUSED_FUNCTION = YES;
				GCC_WARN_UNUSED_VARIABLE = YES;
				MACOSX_DEPLOYMENT_TARGET = 10.12;
				MTL_ENABLE_DEBUG_INFO = YES;
				ONLY_ACTIVE_ARCH = YES;
				SDKROOT = macosx;
			};
			name = Debug;
		};
		7CCAC5AF1E79421F0078A3EC /* Release */ = {
			isa = XCBuildConfiguration;
			buildSettings = {
				ALWAYS_SEARCH_USER_PATHS = NO;
				CLANG_ANALYZER_NONNULL = YES;
				CLANG_CXX_LANGUAGE_STANDARD = "gnu++0x";
				CLANG_CXX_LIBRARY = "libc++";
				CLANG_ENABLE_MODULES = YES;
				CLANG_ENABLE_OBJC_ARC = YES;
				CLANG_WARN_BOOL_CONVERSION = YES;
				CLANG_WARN_CONSTANT_CONVERSION = YES;
				CLANG_WARN_DIRECT_OBJC_ISA_USAGE = YES_ERROR;
				CLANG_WARN_DOCUMENTATION_COMMENTS = YES;
				CLANG_WARN_EMPTY_BODY = YES;
				CLANG_WARN_ENUM_CONVERSION = YES;
				CLANG_WARN_INFINITE_RECURSION = YES;
				CLANG_WARN_INT_CONVERSION = YES;
				CLANG_WARN_OBJC_ROOT_CLASS = YES_ERROR;
				CLANG_WARN_SUSPICIOUS_MOVE = YES;
				CLANG_WARN_UNREACHABLE_CODE = YES;
				CLANG_WARN__DUPLICATE_METHOD_MATCH = YES;
				CODE_SIGN_IDENTITY = "-";
				COPY_PHASE_STRIP = NO;
				DEBUG_INFORMATION_FORMAT = "dwarf-with-dsym";
				ENABLE_NS_ASSERTIONS = NO;
				ENABLE_STRICT_OBJC_MSGSEND = YES;
				GCC_C_LANGUAGE_STANDARD = gnu99;
				GCC_NO_COMMON_BLOCKS = YES;
				GCC_WARN_64_TO_32_BIT_CONVERSION = YES;
				GCC_WARN_ABOUT_RETURN_TYPE = YES_ERROR;
				GCC_WARN_UNDECLARED_SELECTOR = YES;
				GCC_WARN_UNINITIALIZED_AUTOS = YES_AGGRESSIVE;
				GCC_WARN_UNUSED_FUNCTION = YES;
				GCC_WARN_UNUSED_VARIABLE = YES;
				MACOSX_DEPLOYMENT_TARGET = 10.12;
				MTL_ENABLE_DEBUG_INFO = NO;
				SDKROOT = macosx;
			};
			name = Release;
		};
		7CCAC5B11E79421F0078A3EC /* Debug */ = {
			isa = XCBuildConfiguration;
			buildSettings = {
				PRODUCT_NAME = "$(TARGET_NAME)";
			};
			name = Debug;
		};
		7CCAC5B21E79421F0078A3EC /* Release */ = {
			isa = XCBuildConfiguration;
			buildSettings = {
				PRODUCT_NAME = "$(TARGET_NAME)";
			};
			name = Release;
		};
/* End XCBuildConfiguration section */

/* Begin XCConfigurationList section */
		7CCAC5A41E79421F0078A3EC /* Build configuration list for PBXProject "Week1" */ = {
			isa = XCConfigurationList;
			buildConfigurations = (
				7CCAC5AE1E79421F0078A3EC /* Debug */,
				7CCAC5AF1E79421F0078A3EC /* Release */,
			);
			defaultConfigurationIsVisible = 0;
			defaultConfigurationName = Release;
		};
		7CCAC5B01E79421F0078A3EC /* Build configuration list for PBXNativeTarget "Week1" */ = {
			isa = XCConfigurationList;
			buildConfigurations = (
				7CCAC5B11E79421F0078A3EC /* Debug */,
				7CCAC5B21E79421F0078A3EC /* Release */,
			);
			defaultConfigurationIsVisible = 0;
			defaultConfigurationName = Release;
		};
/* End XCConfigurationList section */
	};
	rootObject = 7CCAC5A11E79421F0078A3EC /* Project object */;
}
