// !$*UTF8*$!
{
	archiveVersion = 1;
	classes = {
	};
	objectVersion = 46;
	objects = {

/* Begin PBXBuildFile section */
		7CAE2D941E8BC9A900949B9F /* main.m in Sources */ = {isa = PBXBuildFile; fileRef = 7CAE2D931E8BC9A900949B9F /* main.m */; };
		7CAE2D971E8BC9A900949B9F /* AppDelegate.m in Sources */ = {isa = PBXBuildFile; fileRef = 7CAE2D961E8BC9A900949B9F /* AppDelegate.m */; };
		7CAE2D9A1E8BC9A900949B9F /* FirstViewController.m in Sources */ = {isa = PBXBuildFile; fileRef = 7CAE2D991E8BC9A900949B9F /* FirstViewController.m */; };
		7CAE2D9D1E8BC9A900949B9F /* SecondViewController.m in Sources */ = {isa = PBXBuildFile; fileRef = 7CAE2D9C1E8BC9A900949B9F /* SecondViewController.m */; };
		7CAE2DA01E8BC9A900949B9F /* Main.storyboard in Resources */ = {isa = PBXBuildFile; fileRef = 7CAE2D9E1E8BC9A900949B9F /* Main.storyboard */; };
		7CAE2DA21E8BC9A900949B9F /* Assets.xcassets in Resources */ = {isa = PBXBuildFile; fileRef = 7CAE2DA11E8BC9A900949B9F /* Assets.xcassets */; };
		7CAE2DA51E8BC9A900949B9F /* LaunchScreen.storyboard in Resources */ = {isa = PBXBuildFile; fileRef = 7CAE2DA31E8BC9A900949B9F /* LaunchScreen.storyboard */; };
		7CAE2DAE1E8BC9BB00949B9F /* DetailViewController.m in Sources */ = {isa = PBXBuildFile; fileRef = 7CAE2DAD1E8BC9BB00949B9F /* DetailViewController.m */; };
		7CAE2DB11E8BC9C900949B9F /* MyModel.m in Sources */ = {isa = PBXBuildFile; fileRef = 7CAE2DB01E8BC9C900949B9F /* MyModel.m */; };
		7CAE2DB61E8BCA0B00949B9F /* 01.jpg in Resources */ = {isa = PBXBuildFile; fileRef = 7CAE2DB21E8BCA0B00949B9F /* 01.jpg */; };
		7CAE2DB71E8BCA0B00949B9F /* 02.jpg in Resources */ = {isa = PBXBuildFile; fileRef = 7CAE2DB31E8BCA0B00949B9F /* 02.jpg */; };
		7CAE2DB81E8BCA0B00949B9F /* 03.jpg in Resources */ = {isa = PBXBuildFile; fileRef = 7CAE2DB41E8BCA0B00949B9F /* 03.jpg */; };
		7CAE2DB91E8BCA0B00949B9F /* 04.jpg in Resources */ = {isa = PBXBuildFile; fileRef = 7CAE2DB51E8BCA0B00949B9F /* 04.jpg */; };
		7CAE2DBB1E8BCA1500949B9F /* json.txt in Resources */ = {isa = PBXBuildFile; fileRef = 7CAE2DBA1E8BCA1500949B9F /* json.txt */; };
/* End PBXBuildFile section */

/* Begin PBXFileReference section */
		7CAE2D8F1E8BC9A900949B9F /* Week3.app */ = {isa = PBXFileReference; explicitFileType = wrapper.application; includeInIndex = 0; path = Week3.app; sourceTree = BUILT_PRODUCTS_DIR; };
		7CAE2D931E8BC9A900949B9F /* main.m */ = {isa = PBXFileReference; lastKnownFileType = sourcecode.c.objc; path = main.m; sourceTree = "<group>"; };
		7CAE2D951E8BC9A900949B9F /* AppDelegate.h */ = {isa = PBXFileReference; lastKnownFileType = sourcecode.c.h; path = AppDelegate.h; sourceTree = "<group>"; };
		7CAE2D961E8BC9A900949B9F /* AppDelegate.m */ = {isa = PBXFileReference; lastKnownFileType = sourcecode.c.objc; path = AppDelegate.m; sourceTree = "<group>"; };
		7CAE2D981E8BC9A900949B9F /* FirstViewController.h */ = {isa = PBXFileReference; lastKnownFileType = sourcecode.c.h; path = FirstViewController.h; sourceTree = "<group>"; };
		7CAE2D991E8BC9A900949B9F /* FirstViewController.m */ = {isa = PBXFileReference; lastKnownFileType = sourcecode.c.objc; path = FirstViewController.m; sourceTree = "<group>"; };
		7CAE2D9B1E8BC9A900949B9F /* SecondViewController.h */ = {isa = PBXFileReference; lastKnownFileType = sourcecode.c.h; path = SecondViewController.h; sourceTree = "<group>"; };
		7CAE2D9C1E8BC9A900949B9F /* SecondViewController.m */ = {isa = PBXFileReference; lastKnownFileType = sourcecode.c.objc; path = SecondViewController.m; sourceTree = "<group>"; };
		7CAE2D9F1E8BC9A900949B9F /* Base */ = {isa = PBXFileReference; lastKnownFileType = file.storyboard; name = Base; path = Base.lproj/Main.storyboard; sourceTree = "<group>"; };
		7CAE2DA11E8BC9A900949B9F /* Assets.xcassets */ = {isa = PBXFileReference; lastKnownFileType = folder.assetcatalog; path = Assets.xcassets; sourceTree = "<group>"; };
		7CAE2DA41E8BC9A900949B9F /* Base */ = {isa = PBXFileReference; lastKnownFileType = file.storyboard; name = Base; path = Base.lproj/LaunchScreen.storyboard; sourceTree = "<group>"; };
		7CAE2DA61E8BC9A900949B9F /* Info.plist */ = {isa = PBXFileReference; lastKnownFileType = text.plist.xml; path = Info.plist; sourceTree = "<group>"; };
		7CAE2DAC1E8BC9BB00949B9F /* DetailViewController.h */ = {isa = PBXFileReference; fileEncoding = 4; lastKnownFileType = sourcecode.c.h; path = DetailViewController.h; sourceTree = "<group>"; };
		7CAE2DAD1E8BC9BB00949B9F /* DetailViewController.m */ = {isa = PBXFileReference; fileEncoding = 4; lastKnownFileType = sourcecode.c.objc; path = DetailViewController.m; sourceTree = "<group>"; };
		7CAE2DAF1E8BC9C900949B9F /* MyModel.h */ = {isa = PBXFileReference; fileEncoding = 4; lastKnownFileType = sourcecode.c.h; path = MyModel.h; sourceTree = "<group>"; };
		7CAE2DB01E8BC9C900949B9F /* MyModel.m */ = {isa = PBXFileReference; fileEncoding = 4; lastKnownFileType = sourcecode.c.objc; path = MyModel.m; sourceTree = "<group>"; };
		7CAE2DB21E8BCA0B00949B9F /* 01.jpg */ = {isa = PBXFileReference; lastKnownFileType = image.jpeg; path = 01.jpg; sourceTree = "<group>"; };
		7CAE2DB31E8BCA0B00949B9F /* 02.jpg */ = {isa = PBXFileReference; lastKnownFileType = image.jpeg; path = 02.jpg; sourceTree = "<group>"; };
		7CAE2DB41E8BCA0B00949B9F /* 03.jpg */ = {isa = PBXFileReference; lastKnownFileType = image.jpeg; path = 03.jpg; sourceTree = "<group>"; };
		7CAE2DB51E8BCA0B00949B9F /* 04.jpg */ = {isa = PBXFileReference; lastKnownFileType = image.jpeg; path = 04.jpg; sourceTree = "<group>"; };
		7CAE2DBA1E8BCA1500949B9F /* json.txt */ = {isa = PBXFileReference; fileEncoding = 4; lastKnownFileType = text; path = json.txt; sourceTree = "<group>"; };
/* End PBXFileReference section */

/* Begin PBXFrameworksBuildPhase section */
		7CAE2D8C1E8BC9A900949B9F /* Frameworks */ = {
			isa = PBXFrameworksBuildPhase;
			buildActionMask = 2147483647;
			files = (
			);
			runOnlyForDeploymentPostprocessing = 0;
		};
/* End PBXFrameworksBuildPhase section */

/* Begin PBXGroup section */
		7CAE2D861E8BC9A900949B9F = {
			isa = PBXGroup;
			children = (
				7CAE2D911E8BC9A900949B9F /* Week3 */,
				7CAE2D901E8BC9A900949B9F /* Products */,
			);
			sourceTree = "<group>";
		};
		7CAE2D901E8BC9A900949B9F /* Products */ = {
			isa = PBXGroup;
			children = (
				7CAE2D8F1E8BC9A900949B9F /* Week3.app */,
			);
			name = Products;
			sourceTree = "<group>";
		};
		7CAE2D911E8BC9A900949B9F /* Week3 */ = {
			isa = PBXGroup;
			children = (
				7CAE2D951E8BC9A900949B9F /* AppDelegate.h */,
				7CAE2D961E8BC9A900949B9F /* AppDelegate.m */,
				7CAE2D981E8BC9A900949B9F /* FirstViewController.h */,
				7CAE2D991E8BC9A900949B9F /* FirstViewController.m */,
				7CAE2D9B1E8BC9A900949B9F /* SecondViewController.h */,
				7CAE2D9C1E8BC9A900949B9F /* SecondViewController.m */,
				7CAE2DAC1E8BC9BB00949B9F /* DetailViewController.h */,
				7CAE2DAD1E8BC9BB00949B9F /* DetailViewController.m */,
				7CAE2DAF1E8BC9C900949B9F /* MyModel.h */,
				7CAE2DB01E8BC9C900949B9F /* MyModel.m */,
				7CAE2D9E1E8BC9A900949B9F /* Main.storyboard */,
				7CAE2DA11E8BC9A900949B9F /* Assets.xcassets */,
				7CAE2DA31E8BC9A900949B9F /* LaunchScreen.storyboard */,
				7CAE2DA61E8BC9A900949B9F /* Info.plist */,
				7CAE2DB21E8BCA0B00949B9F /* 01.jpg */,
				7CAE2DB31E8BCA0B00949B9F /* 02.jpg */,
				7CAE2DB41E8BCA0B00949B9F /* 03.jpg */,
				7CAE2DB51E8BCA0B00949B9F /* 04.jpg */,
				7CAE2DBA1E8BCA1500949B9F /* json.txt */,
				7CAE2D921E8BC9A900949B9F /* Supporting Files */,
			);
			path = Week3;
			sourceTree = "<group>";
		};
		7CAE2D921E8BC9A900949B9F /* Supporting Files */ = {
			isa = PBXGroup;
			children = (
				7CAE2D931E8BC9A900949B9F /* main.m */,
			);
			name = "Supporting Files";
			sourceTree = "<group>";
		};
/* End PBXGroup section */

/* Begin PBXNativeTarget section */
		7CAE2D8E1E8BC9A900949B9F /* Week3 */ = {
			isa = PBXNativeTarget;
			buildConfigurationList = 7CAE2DA91E8BC9A900949B9F /* Build configuration list for PBXNativeTarget "Week3" */;
			buildPhases = (
				7CAE2D8B1E8BC9A900949B9F /* Sources */,
				7CAE2D8C1E8BC9A900949B9F /* Frameworks */,
				7CAE2D8D1E8BC9A900949B9F /* Resources */,
			);
			buildRules = (
			);
			dependencies = (
			);
			name = Week3;
			productName = Week3;
			productReference = 7CAE2D8F1E8BC9A900949B9F /* Week3.app */;
			productType = "com.apple.product-type.application";
		};
/* End PBXNativeTarget section */

/* Begin PBXProject section */
		7CAE2D871E8BC9A900949B9F /* Project object */ = {
			isa = PBXProject;
			attributes = {
				LastUpgradeCheck = 0820;
				ORGANIZATIONNAME = YongJai;
				TargetAttributes = {
					7CAE2D8E1E8BC9A900949B9F = {
						CreatedOnToolsVersion = 8.2.1;
						ProvisioningStyle = Automatic;
					};
				};
			};
			buildConfigurationList = 7CAE2D8A1E8BC9A900949B9F /* Build configuration list for PBXProject "Week3" */;
			compatibilityVersion = "Xcode 3.2";
			developmentRegion = English;
			hasScannedForEncodings = 0;
			knownRegions = (
				en,
				Base,
			);
			mainGroup = 7CAE2D861E8BC9A900949B9F;
			productRefGroup = 7CAE2D901E8BC9A900949B9F /* Products */;
			projectDirPath = "";
			projectRoot = "";
			targets = (
				7CAE2D8E1E8BC9A900949B9F /* Week3 */,
			);
		};
/* End PBXProject section */

/* Begin PBXResourcesBuildPhase section */
		7CAE2D8D1E8BC9A900949B9F /* Resources */ = {
			isa = PBXResourcesBuildPhase;
			buildActionMask = 2147483647;
			files = (
				7CAE2DBB1E8BCA1500949B9F /* json.txt in Resources */,
				7CAE2DB81E8BCA0B00949B9F /* 03.jpg in Resources */,
				7CAE2DB71E8BCA0B00949B9F /* 02.jpg in Resources */,
				7CAE2DA51E8BC9A900949B9F /* LaunchScreen.storyboard in Resources */,
				7CAE2DA21E8BC9A900949B9F /* Assets.xcassets in Resources */,
				7CAE2DB91E8BCA0B00949B9F /* 04.jpg in Resources */,
				7CAE2DB61E8BCA0B00949B9F /* 01.jpg in Resources */,
				7CAE2DA01E8BC9A900949B9F /* Main.storyboard in Resources */,
			);
			runOnlyForDeploymentPostprocessing = 0;
		};
/* End PBXResourcesBuildPhase section */

/* Begin PBXSourcesBuildPhase section */
		7CAE2D8B1E8BC9A900949B9F /* Sources */ = {
			isa = PBXSourcesBuildPhase;
			buildActionMask = 2147483647;
			files = (
				7CAE2DAE1E8BC9BB00949B9F /* DetailViewController.m in Sources */,
				7CAE2D9D1E8BC9A900949B9F /* SecondViewController.m in Sources */,
				7CAE2D971E8BC9A900949B9F /* AppDelegate.m in Sources */,
				7CAE2DB11E8BC9C900949B9F /* MyModel.m in Sources */,
				7CAE2D9A1E8BC9A900949B9F /* FirstViewController.m in Sources */,
				7CAE2D941E8BC9A900949B9F /* main.m in Sources */,
			);
			runOnlyForDeploymentPostprocessing = 0;
		};
/* End PBXSourcesBuildPhase section */

/* Begin PBXVariantGroup section */
		7CAE2D9E1E8BC9A900949B9F /* Main.storyboard */ = {
			isa = PBXVariantGroup;
			children = (
				7CAE2D9F1E8BC9A900949B9F /* Base */,
			);
			name = Main.storyboard;
			sourceTree = "<group>";
		};
		7CAE2DA31E8BC9A900949B9F /* LaunchScreen.storyboard */ = {
			isa = PBXVariantGroup;
			children = (
				7CAE2DA41E8BC9A900949B9F /* Base */,
			);
			name = LaunchScreen.storyboard;
			sourceTree = "<group>";
		};
/* End PBXVariantGroup section */

/* Begin XCBuildConfiguration section */
		7CAE2DA71E8BC9A900949B9F /* Debug */ = {
			isa = XCBuildConfiguration;
			buildSettings = {
				ALWAYS_SEARCH_USER_PATHS = NO;
				CLANG_ANALYZER_NONNULL = YES;
				CLANG_CXX_LANGUAGE_STANDARD = "gnu++0x";
				CLANG_CXX_LIBRARY = "libc++";
				CLANG_ENABLE_MODULES = YES;
				CLANG_ENABLE_OBJC_ARC = YES;
				CLANG_WARN_BOOL_CONVERSION = YES;
				CLANG_WARN_CONSTANT_CONVERSION = YES;
				CLANG_WARN_DIRECT_OBJC_ISA_USAGE = YES_ERROR;
				CLANG_WARN_DOCUMENTATION_COMMENTS = YES;
				CLANG_WARN_EMPTY_BODY = YES;
				CLANG_WARN_ENUM_CONVERSION = YES;
				CLANG_WARN_INFINITE_RECURSION = YES;
				CLANG_WARN_INT_CONVERSION = YES;
				CLANG_WARN_OBJC_ROOT_CLASS = YES_ERROR;
				CLANG_WARN_SUSPICIOUS_MOVE = YES;
				CLANG_WARN_UNREACHABLE_CODE = YES;
				CLANG_WARN__DUPLICATE_METHOD_MATCH = YES;
				"CODE_SIGN_IDENTITY[sdk=iphoneos*]" = "iPhone Developer";
				COPY_PHASE_STRIP = NO;
				DEBUG_INFORMATION_FORMAT = dwarf;
				ENABLE_STRICT_OBJC_MSGSEND = YES;
				ENABLE_TESTABILITY = YES;
				GCC_C_LANGUAGE_STANDARD = gnu99;
				GCC_DYNAMIC_NO_PIC = NO;
				GCC_NO_COMMON_BLOCKS = YES;
				GCC_OPTIMIZATION_LEVEL = 0;
				GCC_PREPROCESSOR_DEFINITIONS = (
					"DEBUG=1",
					"$(inherited)",
				);
				GCC_WARN_64_TO_32_BIT_CONVERSION = YES;
				GCC_WARN_ABOUT_RETURN_TYPE = YES_ERROR;
				GCC_WARN_UNDECLARED_SELECTOR = YES;
				GCC_WARN_UNINITIALIZED_AUTOS = YES_AGGRESSIVE;
				GCC_WARN_UNUSED_FUNCTION = YES;
				GCC_WARN_UNUSED_VARIABLE = YES;
				IPHONEOS_DEPLOYMENT_TARGET = 10.2;
				MTL_ENABLE_DEBUG_INFO = YES;
				ONLY_ACTIVE_ARCH = YES;
				SDKROOT = iphoneos;
				TARGETED_DEVICE_FAMILY = "1,2";
			};
			name = Debug;
		};
		7CAE2DA81E8BC9A900949B9F /* Release */ = {
			isa = XCBuildConfiguration;
			buildSettings = {
				ALWAYS_SEARCH_USER_PATHS = NO;
				CLANG_ANALYZER_NONNULL = YES;
				CLANG_CXX_LANGUAGE_STANDARD = "gnu++0x";
				CLANG_CXX_LIBRARY = "libc++";
				CLANG_ENABLE_MODULES = YES;
				CLANG_ENABLE_OBJC_ARC = YES;
				CLANG_WARN_BOOL_CONVERSION = YES;
				CLANG_WARN_CONSTANT_CONVERSION = YES;
				CLANG_WARN_DIRECT_OBJC_ISA_USAGE = YES_ERROR;
				CLANG_WARN_DOCUMENTATION_COMMENTS = YES;
				CLANG_WARN_EMPTY_BODY = YES;
				CLANG_WARN_ENUM_CONVERSION = YES;
				CLANG_WARN_INFINITE_RECURSION = YES;
				CLANG_WARN_INT_CONVERSION = YES;
				CLANG_WARN_OBJC_ROOT_CLASS = YES_ERROR;
				CLANG_WARN_SUSPICIOUS_MOVE = YES;
				CLANG_WARN_UNREACHABLE_CODE = YES;
				CLANG_WARN__DUPLICATE_METHOD_MATCH = YES;
				"CODE_SIGN_IDENTITY[sdk=iphoneos*]" = "iPhone Developer";
				COPY_PHASE_STRIP = NO;
				DEBUG_INFORMATION_FORMAT = "dwarf-with-dsym";
				ENABLE_NS_ASSERTIONS = NO;
				ENABLE_STRICT_OBJC_MSGSEND = YES;
				GCC_C_LANGUAGE_STANDARD = gnu99;
				GCC_NO_COMMON_BLOCKS = YES;
				GCC_WARN_64_TO_32_BIT_CONVERSION = YES;
				GCC_WARN_ABOUT_RETURN_TYPE = YES_ERROR;
				GCC_WARN_UNDECLARED_SELECTOR = YES;
				GCC_WARN_UNINITIALIZED_AUTOS = YES_AGGRESSIVE;
				GCC_WARN_UNUSED_FUNCTION = YES;
				GCC_WARN_UNUSED_VARIABLE = YES;
				IPHONEOS_DEPLOYMENT_TARGET = 10.2;
				MTL_ENABLE_DEBUG_INFO = NO;
				SDKROOT = iphoneos;
				TARGETED_DEVICE_FAMILY = "1,2";
				VALIDATE_PRODUCT = YES;
			};
			name = Release;
		};
		7CAE2DAA1E8BC9A900949B9F /* Debug */ = {
			isa = XCBuildConfiguration;
			buildSettings = {
				ASSETCATALOG_COMPILER_APPICON_NAME = AppIcon;
				INFOPLIST_FILE = Week3/Info.plist;
				LD_RUNPATH_SEARCH_PATHS = "$(inherited) @executable_path/Frameworks";
				PRODUCT_BUNDLE_IDENTIFIER = org.nhnnext.Week3;
				PRODUCT_NAME = "$(TARGET_NAME)";
			};
			name = Debug;
		};
		7CAE2DAB1E8BC9A900949B9F /* Release */ = {
			isa = XCBuildConfiguration;
			buildSettings = {
				ASSETCATALOG_COMPILER_APPICON_NAME = AppIcon;
				INFOPLIST_FILE = Week3/Info.plist;
				LD_RUNPATH_SEARCH_PATHS = "$(inherited) @executable_path/Frameworks";
				PRODUCT_BUNDLE_IDENTIFIER = org.nhnnext.Week3;
				PRODUCT_NAME = "$(TARGET_NAME)";
			};
			name = Release;
		};
/* End XCBuildConfiguration section */

/* Begin XCConfigurationList section */
		7CAE2D8A1E8BC9A900949B9F /* Build configuration list for PBXProject "Week3" */ = {
			isa = XCConfigurationList;
			buildConfigurations = (
				7CAE2DA71E8BC9A900949B9F /* Debug */,
				7CAE2DA81E8BC9A900949B9F /* Release */,
			);
			defaultConfigurationIsVisible = 0;
			defaultConfigurationName = Release;
		};
		7CAE2DA91E8BC9A900949B9F /* Build configuration list for PBXNativeTarget "Week3" */ = {
			isa = XCConfigurationList;
			buildConfigurations = (
				7CAE2DAA1E8BC9A900949B9F /* Debug */,
				7CAE2DAB1E8BC9A900949B9F /* Release */,
			);
			defaultConfigurationIsVisible = 0;
		};
/* End XCConfigurationList section */
	};
	rootObject = 7CAE2D871E8BC9A900949B9F /* Project object */;
}
